
Microsoft Visual Studio Solution File, Format Version 12.00
# Visual Studio 15
VisualStudioVersion = 15.0.27428.2043
MinimumVisualStudioVersion = 10.0.40219.1
Project("{FAE04EC0-301F-11D3-BF4B-00C04F79EFBC}") = "helloworld", "helloworld\helloworld.csproj", "{C29A39C0-E5E7-49CB-8001-0D051BDCF893}"
EndProject
Global
	GlobalSection(SolutionConfigurationPlatforms) = preSolution
		Debug|Any CPU = Debug|Any CPU
		Release|Any CPU = Release|Any CPU
	EndGlobalSection
	GlobalSection(ProjectConfigurationPlatforms) = postSolution
		{C29A39C0-E5E7-49CB-8001-0D051BDCF893}.Debug|Any CPU.ActiveCfg = Debug|Any CPU
		{C29A39C0-E5E7-49CB-8001-0D051BDCF893}.Debug|Any CPU.Build.0 = Debug|Any CPU
		{C29A39C0-E5E7-49CB-8001-0D051BDCF893}.Release|Any CPU.ActiveCfg = Release|Any CPU
		{C29A39C0-E5E7-49CB-8001-0D051BDCF893}.Release|Any CPU.Build.0 = Release|Any CPU
	EndGlobalSection
	GlobalSection(SolutionProperties) = preSolution
		HideSolutionNode = FALSE
	EndGlobalSection
	GlobalSection(ExtensibilityGlobals) = postSolution
		SolutionGuid = {C2D6643B-1FC0-4269-B195-1C1C76334B60}
	EndGlobalSection
EndGlobal
